// !$*UTF8*$!
{
	archiveVersion = 1;
	classes = {
	};
	objectVersion = 56;
	objects = {

/* Begin PBXBuildFile section */
		9951E8B82CA7530A001F7B6E /* Prediction.swift in Sources */ = {isa = PBXBuildFile; fileRef = 9951E8B72CA75303001F7B6E /* Prediction.swift */; };
		9951E8BB2CA75330001F7B6E /* ImageViewModel.swift in Sources */ = {isa = PBXBuildFile; fileRef = 9951E8BA2CA75328001F7B6E /* ImageViewModel.swift */; };
		9951E8C12CAB5896001F7B6E /* CropViewController in Frameworks */ = {isa = PBXBuildFile; productRef = 9951E8C02CAB5896001F7B6E /* CropViewController */; };
		9951E8C32CAB5896001F7B6E /* TOCropViewController in Frameworks */ = {isa = PBXBuildFile; productRef = 9951E8C22CAB5896001F7B6E /* TOCropViewController */; };
		9973CEB82B7401E00001AFE6 /* AppDelegate.swift in Sources */ = {isa = PBXBuildFile; fileRef = 9973CEB72B7401E00001AFE6 /* AppDelegate.swift */; };
		9973CEBA2B7401E00001AFE6 /* SceneDelegate.swift in Sources */ = {isa = PBXBuildFile; fileRef = 9973CEB92B7401E00001AFE6 /* SceneDelegate.swift */; };
		9973CEBC2B7401E00001AFE6 /* ViewController.swift in Sources */ = {isa = PBXBuildFile; fileRef = 9973CEBB2B7401E00001AFE6 /* ViewController.swift */; };
		9973CEBF2B7401E00001AFE6 /* Main.storyboard in Resources */ = {isa = PBXBuildFile; fileRef = 9973CEBD2B7401E00001AFE6 /* Main.storyboard */; };
		9973CEC12B7401E20001AFE6 /* Assets.xcassets in Resources */ = {isa = PBXBuildFile; fileRef = 9973CEC02B7401E20001AFE6 /* Assets.xcassets */; };
		9973CEC42B7401E20001AFE6 /* LaunchScreen.storyboard in Resources */ = {isa = PBXBuildFile; fileRef = 9973CEC22B7401E20001AFE6 /* LaunchScreen.storyboard */; };
		9973CECC2B74048B0001AFE6 /* Config.swift in Sources */ = {isa = PBXBuildFile; fileRef = 9973CECB2B74048B0001AFE6 /* Config.swift */; };
/* End PBXBuildFile section */

/* Begin PBXFileReference section */
		9951E8B72CA75303001F7B6E /* Prediction.swift */ = {isa = PBXFileReference; lastKnownFileType = sourcecode.swift; path = Prediction.swift; sourceTree = "<group>"; };
		9951E8BA2CA75328001F7B6E /* ImageViewModel.swift */ = {isa = PBXFileReference; lastKnownFileType = sourcecode.swift; path = ImageViewModel.swift; sourceTree = "<group>"; };
		9973CEB42B7401E00001AFE6 /* RadART.app */ = {isa = PBXFileReference; explicitFileType = wrapper.application; includeInIndex = 0; path = RadART.app; sourceTree = BUILT_PRODUCTS_DIR; };
		9973CEB72B7401E00001AFE6 /* AppDelegate.swift */ = {isa = PBXFileReference; lastKnownFileType = sourcecode.swift; path = AppDelegate.swift; sourceTree = "<group>"; };
		9973CEB92B7401E00001AFE6 /* SceneDelegate.swift */ = {isa = PBXFileReference; lastKnownFileType = sourcecode.swift; path = SceneDelegate.swift; sourceTree = "<group>"; };
		9973CEBB2B7401E00001AFE6 /* ViewController.swift */ = {isa = PBXFileReference; lastKnownFileType = sourcecode.swift; path = ViewController.swift; sourceTree = "<group>"; };
		9973CEBE2B7401E00001AFE6 /* Base */ = {isa = PBXFileReference; lastKnownFileType = file.storyboard; name = Base; path = Base.lproj/Main.storyboard; sourceTree = "<group>"; };
		9973CEC02B7401E20001AFE6 /* Assets.xcassets */ = {isa = PBXFileReference; lastKnownFileType = folder.assetcatalog; path = Assets.xcassets; sourceTree = "<group>"; };
		9973CEC32B7401E20001AFE6 /* Base */ = {isa = PBXFileReference; lastKnownFileType = file.storyboard; name = Base; path = Base.lproj/LaunchScreen.storyboard; sourceTree = "<group>"; };
		9973CEC52B7401E20001AFE6 /* Info.plist */ = {isa = PBXFileReference; lastKnownFileType = text.plist.xml; path = Info.plist; sourceTree = "<group>"; };
		9973CECB2B74048B0001AFE6 /* Config.swift */ = {isa = PBXFileReference; lastKnownFileType = sourcecode.swift; path = Config.swift; sourceTree = "<group>"; };
/* End PBXFileReference section */

/* Begin PBXFrameworksBuildPhase section */
		9973CEB12B7401E00001AFE6 /* Frameworks */ = {
			isa = PBXFrameworksBuildPhase;
			buildActionMask = 2147483647;
			files = (
				9951E8C32CAB5896001F7B6E /* TOCropViewController in Frameworks */,
				9951E8C12CAB5896001F7B6E /* CropViewController in Frameworks */,
			);
			runOnlyForDeploymentPostprocessing = 0;
		};
/* End PBXFrameworksBuildPhase section */

/* Begin PBXGroup section */
		9951E8B62CA752ED001F7B6E /* Model */ = {
			isa = PBXGroup;
			children = (
				9951E8B72CA75303001F7B6E /* Prediction.swift */,
			);
			path = Model;
			sourceTree = "<group>";
		};
		9951E8B92CA7531C001F7B6E /* ViewModel */ = {
			isa = PBXGroup;
			children = (
				9951E8BA2CA75328001F7B6E /* ImageViewModel.swift */,
			);
			path = ViewModel;
			sourceTree = "<group>";
		};
		9951E8BC2CA7537E001F7B6E /* Application */ = {
			isa = PBXGroup;
			children = (
				9973CEB72B7401E00001AFE6 /* AppDelegate.swift */,
				9973CEB92B7401E00001AFE6 /* SceneDelegate.swift */,
			);
			path = Application;
			sourceTree = "<group>";
		};
		9951E8BD2CA753BF001F7B6E /* View */ = {
			isa = PBXGroup;
			children = (
				9973CEBB2B7401E00001AFE6 /* ViewController.swift */,
			);
			path = View;
			sourceTree = "<group>";
		};
		9951E8BE2CA753CC001F7B6E /* Configuration */ = {
			isa = PBXGroup;
			children = (
				9973CECB2B74048B0001AFE6 /* Config.swift */,
			);
			path = Configuration;
			sourceTree = "<group>";
		};
		9973CEAB2B7401E00001AFE6 = {
			isa = PBXGroup;
			children = (
				9973CEB62B7401E00001AFE6 /* RadART */,
				9973CEB52B7401E00001AFE6 /* Products */,
			);
			sourceTree = "<group>";
		};
		9973CEB52B7401E00001AFE6 /* Products */ = {
			isa = PBXGroup;
			children = (
				9973CEB42B7401E00001AFE6 /* RadART.app */,
			);
			name = Products;
			sourceTree = "<group>";
		};
		9973CEB62B7401E00001AFE6 /* RadART */ = {
			isa = PBXGroup;
			children = (
				9951E8BE2CA753CC001F7B6E /* Configuration */,
				9951E8BD2CA753BF001F7B6E /* View */,
				9951E8BC2CA7537E001F7B6E /* Application */,
				9951E8B92CA7531C001F7B6E /* ViewModel */,
				9951E8B62CA752ED001F7B6E /* Model */,
				9973CEBD2B7401E00001AFE6 /* Main.storyboard */,
				9973CEC02B7401E20001AFE6 /* Assets.xcassets */,
				9973CEC22B7401E20001AFE6 /* LaunchScreen.storyboard */,
				9973CEC52B7401E20001AFE6 /* Info.plist */,
			);
			path = RadART;
			sourceTree = "<group>";
		};
/* End PBXGroup section */

/* Begin PBXNativeTarget section */
		9973CEB32B7401E00001AFE6 /* RadART */ = {
			isa = PBXNativeTarget;
			buildConfigurationList = 9973CEC82B7401E20001AFE6 /* Build configuration list for PBXNativeTarget "RadART" */;
			buildPhases = (
				9973CEB02B7401E00001AFE6 /* Sources */,
				9973CEB12B7401E00001AFE6 /* Frameworks */,
				9973CEB22B7401E00001AFE6 /* Resources */,
			);
			buildRules = (
			);
			dependencies = (
			);
			name = RadART;
			productName = RadART;
			productReference = 9973CEB42B7401E00001AFE6 /* RadART.app */;
			productType = "com.apple.product-type.application";
		};
/* End PBXNativeTarget section */

/* Begin PBXProject section */
		9973CEAC2B7401E00001AFE6 /* Project object */ = {
			isa = PBXProject;
			attributes = {
				BuildIndependentTargetsInParallel = 1;
				LastSwiftUpdateCheck = 1520;
				LastUpgradeCheck = 1520;
				TargetAttributes = {
					9973CEB32B7401E00001AFE6 = {
						CreatedOnToolsVersion = 15.2;
					};
				};
			};
			buildConfigurationList = 9973CEAF2B7401E00001AFE6 /* Build configuration list for PBXProject "RadART" */;
			compatibilityVersion = "Xcode 14.0";
			developmentRegion = en;
			hasScannedForEncodings = 0;
			knownRegions = (
				en,
				Base,
			);
			mainGroup = 9973CEAB2B7401E00001AFE6;
			packageReferences = (
				9951E8BF2CAB5896001F7B6E /* XCRemoteSwiftPackageReference "TOCropViewController" */,
			);
			productRefGroup = 9973CEB52B7401E00001AFE6 /* Products */;
			projectDirPath = "";
			projectRoot = "";
			targets = (
				9973CEB32B7401E00001AFE6 /* RadART */,
			);
		};
/* End PBXProject section */

/* Begin PBXResourcesBuildPhase section */
		9973CEB22B7401E00001AFE6 /* Resources */ = {
			isa = PBXResourcesBuildPhase;
			buildActionMask = 2147483647;
			files = (
				9973CEC42B7401E20001AFE6 /* LaunchScreen.storyboard in Resources */,
				9973CEC12B7401E20001AFE6 /* Assets.xcassets in Resources */,
				9973CEBF2B7401E00001AFE6 /* Main.storyboard in Resources */,
			);
			runOnlyForDeploymentPostprocessing = 0;
		};
/* End PBXResourcesBuildPhase section */

/* Begin PBXSourcesBuildPhase section */
		9973CEB02B7401E00001AFE6 /* Sources */ = {
			isa = PBXSourcesBuildPhase;
			buildActionMask = 2147483647;
			files = (
				9951E8BB2CA75330001F7B6E /* ImageViewModel.swift in Sources */,
				9973CEBC2B7401E00001AFE6 /* ViewController.swift in Sources */,
				9973CECC2B74048B0001AFE6 /* Config.swift in Sources */,
				9973CEB82B7401E00001AFE6 /* AppDelegate.swift in Sources */,
				9951E8B82CA7530A001F7B6E /* Prediction.swift in Sources */,
				9973CEBA2B7401E00001AFE6 /* SceneDelegate.swift in Sources */,
			);
			runOnlyForDeploymentPostprocessing = 0;
		};
/* End PBXSourcesBuildPhase section */

/* Begin PBXVariantGroup section */
		9973CEBD2B7401E00001AFE6 /* Main.storyboard */ = {
			isa = PBXVariantGroup;
			children = (
				9973CEBE2B7401E00001AFE6 /* Base */,
			);
			name = Main.storyboard;
			sourceTree = "<group>";
		};
		9973CEC22B7401E20001AFE6 /* LaunchScreen.storyboard */ = {
			isa = PBXVariantGroup;
			children = (
				9973CEC32B7401E20001AFE6 /* Base */,
			);
			name = LaunchScreen.storyboard;
			sourceTree = "<group>";
		};
/* End PBXVariantGroup section */

/* Begin XCBuildConfiguration section */
		9973CEC62B7401E20001AFE6 /* Debug */ = {
			isa = XCBuildConfiguration;
			buildSettings = {
				ALWAYS_SEARCH_USER_PATHS = NO;
				ASSETCATALOG_COMPILER_GENERATE_SWIFT_ASSET_SYMBOL_EXTENSIONS = YES;
				CLANG_ANALYZER_NONNULL = YES;
				CLANG_ANALYZER_NUMBER_OBJECT_CONVERSION = YES_AGGRESSIVE;
				CLANG_CXX_LANGUAGE_STANDARD = "gnu++20";
				CLANG_ENABLE_MODULES = YES;
				CLANG_ENABLE_OBJC_ARC = YES;
				CLANG_ENABLE_OBJC_WEAK = YES;
				CLANG_WARN_BLOCK_CAPTURE_AUTORELEASING = YES;
				CLANG_WARN_BOOL_CONVERSION = YES;
				CLANG_WARN_COMMA = YES;
				CLANG_WARN_CONSTANT_CONVERSION = YES;
				CLANG_WARN_DEPRECATED_OBJC_IMPLEMENTATIONS = YES;
				CLANG_WARN_DIRECT_OBJC_ISA_USAGE = YES_ERROR;
				CLANG_WARN_DOCUMENTATION_COMMENTS = YES;
				CLANG_WARN_EMPTY_BODY = YES;
				CLANG_WARN_ENUM_CONVERSION = YES;
				CLANG_WARN_INFINITE_RECURSION = YES;
				CLANG_WARN_INT_CONVERSION = YES;
				CLANG_WARN_NON_LITERAL_NULL_CONVERSION = YES;
				CLANG_WARN_OBJC_IMPLICIT_RETAIN_SELF = YES;
				CLANG_WARN_OBJC_LITERAL_CONVERSION = YES;
				CLANG_WARN_OBJC_ROOT_CLASS = YES_ERROR;
				CLANG_WARN_QUOTED_INCLUDE_IN_FRAMEWORK_HEADER = YES;
				CLANG_WARN_RANGE_LOOP_ANALYSIS = YES;
				CLANG_WARN_STRICT_PROTOTYPES = YES;
				CLANG_WARN_SUSPICIOUS_MOVE = YES;
				CLANG_WARN_UNGUARDED_AVAILABILITY = YES_AGGRESSIVE;
				CLANG_WARN_UNREACHABLE_CODE = YES;
				CLANG_WARN__DUPLICATE_METHOD_MATCH = YES;
				COPY_PHASE_STRIP = NO;
				DEBUG_INFORMATION_FORMAT = dwarf;
				ENABLE_STRICT_OBJC_MSGSEND = YES;
				ENABLE_TESTABILITY = YES;
				ENABLE_USER_SCRIPT_SANDBOXING = YES;
				GCC_C_LANGUAGE_STANDARD = gnu17;
				GCC_DYNAMIC_NO_PIC = NO;
				GCC_NO_COMMON_BLOCKS = YES;
				GCC_OPTIMIZATION_LEVEL = 0;
				GCC_PREPROCESSOR_DEFINITIONS = (
					"DEBUG=1",
					"$(inherited)",
				);
				GCC_WARN_64_TO_32_BIT_CONVERSION = YES;
				GCC_WARN_ABOUT_RETURN_TYPE = YES_ERROR;
				GCC_WARN_UNDECLARED_SELECTOR = YES;
				GCC_WARN_UNINITIALIZED_AUTOS = YES_AGGRESSIVE;
				GCC_WARN_UNUSED_FUNCTION = YES;
				GCC_WARN_UNUSED_VARIABLE = YES;
				IPHONEOS_DEPLOYMENT_TARGET = 17.2;
				LOCALIZATION_PREFERS_STRING_CATALOGS = YES;
				MTL_ENABLE_DEBUG_INFO = INCLUDE_SOURCE;
				MTL_FAST_MATH = YES;
				ONLY_ACTIVE_ARCH = YES;
				SDKROOT = iphoneos;
				SWIFT_ACTIVE_COMPILATION_CONDITIONS = "DEBUG $(inherited)";
				SWIFT_OPTIMIZATION_LEVEL = "-Onone";
			};
			name = Debug;
		};
		9973CEC72B7401E20001AFE6 /* Release */ = {
			isa = XCBuildConfiguration;
			buildSettings = {
				ALWAYS_SEARCH_USER_PATHS = NO;
				ASSETCATALOG_COMPILER_GENERATE_SWIFT_ASSET_SYMBOL_EXTENSIONS = YES;
				CLANG_ANALYZER_NONNULL = YES;
				CLANG_ANALYZER_NUMBER_OBJECT_CONVERSION = YES_AGGRESSIVE;
				CLANG_CXX_LANGUAGE_STANDARD = "gnu++20";
				CLANG_ENABLE_MODULES = YES;
				CLANG_ENABLE_OBJC_ARC = YES;
				CLANG_ENABLE_OBJC_WEAK = YES;
				CLANG_WARN_BLOCK_CAPTURE_AUTORELEASING = YES;
				CLANG_WARN_BOOL_CONVERSION = YES;
				CLANG_WARN_COMMA = YES;
				CLANG_WARN_CONSTANT_CONVERSION = YES;
				CLANG_WARN_DEPRECATED_OBJC_IMPLEMENTATIONS = YES;
				CLANG_WARN_DIRECT_OBJC_ISA_USAGE = YES_ERROR;
				CLANG_WARN_DOCUMENTATION_COMMENTS = YES;
				CLANG_WARN_EMPTY_BODY = YES;
				CLANG_WARN_ENUM_CONVERSION = YES;
				CLANG_WARN_INFINITE_RECURSION = YES;
				CLANG_WARN_INT_CONVERSION = YES;
				CLANG_WARN_NON_LITERAL_NULL_CONVERSION = YES;
				CLANG_WARN_OBJC_IMPLICIT_RETAIN_SELF = YES;
				CLANG_WARN_OBJC_LITERAL_CONVERSION = YES;
				CLANG_WARN_OBJC_ROOT_CLASS = YES_ERROR;
				CLANG_WARN_QUOTED_INCLUDE_IN_FRAMEWORK_HEADER = YES;
				CLANG_WARN_RANGE_LOOP_ANALYSIS = YES;
				CLANG_WARN_STRICT_PROTOTYPES = YES;
				CLANG_WARN_SUSPICIOUS_MOVE = YES;
				CLANG_WARN_UNGUARDED_AVAILABILITY = YES_AGGRESSIVE;
				CLANG_WARN_UNREACHABLE_CODE = YES;
				CLANG_WARN__DUPLICATE_METHOD_MATCH = YES;
				COPY_PHASE_STRIP = NO;
				DEBUG_INFORMATION_FORMAT = "dwarf-with-dsym";
				ENABLE_NS_ASSERTIONS = NO;
				ENABLE_STRICT_OBJC_MSGSEND = YES;
				ENABLE_USER_SCRIPT_SANDBOXING = YES;
				GCC_C_LANGUAGE_STANDARD = gnu17;
				GCC_NO_COMMON_BLOCKS = YES;
				GCC_WARN_64_TO_32_BIT_CONVERSION = YES;
				GCC_WARN_ABOUT_RETURN_TYPE = YES_ERROR;
				GCC_WARN_UNDECLARED_SELECTOR = YES;
				GCC_WARN_UNINITIALIZED_AUTOS = YES_AGGRESSIVE;
				GCC_WARN_UNUSED_FUNCTION = YES;
				GCC_WARN_UNUSED_VARIABLE = YES;
				IPHONEOS_DEPLOYMENT_TARGET = 17.2;
				LOCALIZATION_PREFERS_STRING_CATALOGS = YES;
				MTL_ENABLE_DEBUG_INFO = NO;
				MTL_FAST_MATH = YES;
				SDKROOT = iphoneos;
				SWIFT_COMPILATION_MODE = wholemodule;
				VALIDATE_PRODUCT = YES;
			};
			name = Release;
		};
		9973CEC92B7401E20001AFE6 /* Debug */ = {
			isa = XCBuildConfiguration;
			buildSettings = {
				ASSETCATALOG_COMPILER_APPICON_NAME = AppIcon;
				ASSETCATALOG_COMPILER_GLOBAL_ACCENT_COLOR_NAME = AccentColor;
				CODE_SIGN_STYLE = Automatic;
				CURRENT_PROJECT_VERSION = 1;
				DEVELOPMENT_TEAM = 694ZS6YAZS;
				GENERATE_INFOPLIST_FILE = YES;
				INFOPLIST_FILE = RadART/Info.plist;
				INFOPLIST_KEY_UIApplicationSupportsIndirectInputEvents = YES;
				INFOPLIST_KEY_UILaunchStoryboardName = LaunchScreen;
				INFOPLIST_KEY_UIMainStoryboardFile = Main;
				INFOPLIST_KEY_UISupportedInterfaceOrientations_iPad = "UIInterfaceOrientationPortrait UIInterfaceOrientationPortraitUpsideDown UIInterfaceOrientationLandscapeLeft UIInterfaceOrientationLandscapeRight";
				INFOPLIST_KEY_UISupportedInterfaceOrientations_iPhone = "UIInterfaceOrientationPortrait UIInterfaceOrientationLandscapeLeft UIInterfaceOrientationLandscapeRight";
				LD_RUNPATH_SEARCH_PATHS = (
					"$(inherited)",
					"@executable_path/Frameworks",
				);
				MARKETING_VERSION = 1.0;
				PRODUCT_BUNDLE_IDENTIFIER = com.rmgoktas.RadART;
				PRODUCT_NAME = "$(TARGET_NAME)";
				SWIFT_EMIT_LOC_STRINGS = YES;
				SWIFT_VERSION = 5.0;
				TARGETED_DEVICE_FAMILY = "1,2";
			};
			name = Debug;
		};
		9973CECA2B7401E20001AFE6 /* Release */ = {
			isa = XCBuildConfiguration;
			buildSettings = {
				ASSETCATALOG_COMPILER_APPICON_NAME = AppIcon;
				ASSETCATALOG_COMPILER_GLOBAL_ACCENT_COLOR_NAME = AccentColor;
				CODE_SIGN_STYLE = Automatic;
				CURRENT_PROJECT_VERSION = 1;
				DEVELOPMENT_TEAM = 694ZS6YAZS;
				GENERATE_INFOPLIST_FILE = YES;
				INFOPLIST_FILE = RadART/Info.plist;
				INFOPLIST_KEY_UIApplicationSupportsIndirectInputEvents = YES;
				INFOPLIST_KEY_UILaunchStoryboardName = LaunchScreen;
				INFOPLIST_KEY_UIMainStoryboardFile = Main;
				INFOPLIST_KEY_UISupportedInterfaceOrientations_iPad = "UIInterfaceOrientationPortrait UIInterfaceOrientationPortraitUpsideDown UIInterfaceOrientationLandscapeLeft UIInterfaceOrientationLandscapeRight";
				INFOPLIST_KEY_UISupportedInterfaceOrientations_iPhone = "UIInterfaceOrientationPortrait UIInterfaceOrientationLandscapeLeft UIInterfaceOrientationLandscapeRight";
				LD_RUNPATH_SEARCH_PATHS = (
					"$(inherited)",
					"@executable_path/Frameworks",
				);
				MARKETING_VERSION = 1.0;
				PRODUCT_BUNDLE_IDENTIFIER = com.rmgoktas.RadART;
				PRODUCT_NAME = "$(TARGET_NAME)";
				SWIFT_EMIT_LOC_STRINGS = YES;
				SWIFT_VERSION = 5.0;
				TARGETED_DEVICE_FAMILY = "1,2";
			};
			name = Release;
		};
/* End XCBuildConfiguration section */

/* Begin XCConfigurationList section */
		9973CEAF2B7401E00001AFE6 /* Build configuration list for PBXProject "RadART" */ = {
			isa = XCConfigurationList;
			buildConfigurations = (
				9973CEC62B7401E20001AFE6 /* Debug */,
				9973CEC72B7401E20001AFE6 /* Release */,
			);
			defaultConfigurationIsVisible = 0;
			defaultConfigurationName = Release;
		};
		9973CEC82B7401E20001AFE6 /* Build configuration list for PBXNativeTarget "RadART" */ = {
			isa = XCConfigurationList;
			buildConfigurations = (
				9973CEC92B7401E20001AFE6 /* Debug */,
				9973CECA2B7401E20001AFE6 /* Release */,
			);
			defaultConfigurationIsVisible = 0;
			defaultConfigurationName = Release;
		};
/* End XCConfigurationList section */

/* Begin XCRemoteSwiftPackageReference section */
		9951E8BF2CAB5896001F7B6E /* XCRemoteSwiftPackageReference "TOCropViewController" */ = {
			isa = XCRemoteSwiftPackageReference;
			repositoryURL = "https://github.com/TimOliver/TOCropViewController";
			requirement = {
				kind = upToNextMajorVersion;
				minimumVersion = 2.7.4;
			};
		};
/* End XCRemoteSwiftPackageReference section */

/* Begin XCSwiftPackageProductDependency section */
		9951E8C02CAB5896001F7B6E /* CropViewController */ = {
			isa = XCSwiftPackageProductDependency;
			package = 9951E8BF2CAB5896001F7B6E /* XCRemoteSwiftPackageReference "TOCropViewController" */;
			productName = CropViewController;
		};
		9951E8C22CAB5896001F7B6E /* TOCropViewController */ = {
			isa = XCSwiftPackageProductDependency;
			package = 9951E8BF2CAB5896001F7B6E /* XCRemoteSwiftPackageReference "TOCropViewController" */;
			productName = TOCropViewController;
		};
/* End XCSwiftPackageProductDependency section */
	};
	rootObject = 9973CEAC2B7401E00001AFE6 /* Project object */;
}
